// !$*UTF8*$!
{
	archiveVersion = 1;
	classes = {
	};
	objectVersion = 55;
	objects = {

/* Begin PBXBuildFile section */
		2136DD4A274B9E74007B9FC9 /* AppDelegate.swift in Sources */ = {isa = PBXBuildFile; fileRef = 2136DD49274B9E74007B9FC9 /* AppDelegate.swift */; };
		2136DD4C274B9E74007B9FC9 /* SceneDelegate.swift in Sources */ = {isa = PBXBuildFile; fileRef = 2136DD4B274B9E74007B9FC9 /* SceneDelegate.swift */; };
		2136DD4E274B9E74007B9FC9 /* VideosViewController.swift in Sources */ = {isa = PBXBuildFile; fileRef = 2136DD4D274B9E74007B9FC9 /* VideosViewController.swift */; };
		2136DD51274B9E74007B9FC9 /* Main.storyboard in Resources */ = {isa = PBXBuildFile; fileRef = 2136DD4F274B9E74007B9FC9 /* Main.storyboard */; };
		2136DD53274B9E77007B9FC9 /* Assets.xcassets in Resources */ = {isa = PBXBuildFile; fileRef = 2136DD52274B9E77007B9FC9 /* Assets.xcassets */; };
		2136DD56274B9E77007B9FC9 /* LaunchScreen.storyboard in Resources */ = {isa = PBXBuildFile; fileRef = 2136DD54274B9E77007B9FC9 /* LaunchScreen.storyboard */; };
		C76439BC27A2F69F007FB307 /* XCTest.framework in Frameworks */ = {isa = PBXBuildFile; fileRef = C76439BB27A2F69F007FB307 /* XCTest.framework */; settings = {ATTRIBUTES = (Weak, ); }; };
		C7BC280227A16604007406AB /* ApiVideoClient in Frameworks */ = {isa = PBXBuildFile; productRef = C7BC280127A16604007406AB /* ApiVideoClient */; };
		C7BC280427A17CD2007406AB /* UploaderViewController.swift in Sources */ = {isa = PBXBuildFile; fileRef = C7BC280327A17CD2007406AB /* UploaderViewController.swift */; };
		C7BC280727A17FEB007406AB /* VideoTableViewCell.swift in Sources */ = {isa = PBXBuildFile; fileRef = C7BC280627A17FEB007406AB /* VideoTableViewCell.swift */; };
		C7BC280A27A18CC3007406AB /* ClientManager.swift in Sources */ = {isa = PBXBuildFile; fileRef = C7BC280927A18CC3007406AB /* ClientManager.swift */; };
/* End PBXBuildFile section */

/* Begin PBXFileReference section */
		2136DD46274B9E74007B9FC9 /* Example.app */ = {isa = PBXFileReference; explicitFileType = wrapper.application; includeInIndex = 0; path = Example.app; sourceTree = BUILT_PRODUCTS_DIR; };
		2136DD49274B9E74007B9FC9 /* AppDelegate.swift */ = {isa = PBXFileReference; lastKnownFileType = sourcecode.swift; path = AppDelegate.swift; sourceTree = "<group>"; };
		2136DD4B274B9E74007B9FC9 /* SceneDelegate.swift */ = {isa = PBXFileReference; lastKnownFileType = sourcecode.swift; path = SceneDelegate.swift; sourceTree = "<group>"; };
		2136DD4D274B9E74007B9FC9 /* VideosViewController.swift */ = {isa = PBXFileReference; lastKnownFileType = sourcecode.swift; path = VideosViewController.swift; sourceTree = "<group>"; };
		2136DD50274B9E74007B9FC9 /* Base */ = {isa = PBXFileReference; lastKnownFileType = file.storyboard; name = Base; path = Base.lproj/Main.storyboard; sourceTree = "<group>"; };
		2136DD52274B9E77007B9FC9 /* Assets.xcassets */ = {isa = PBXFileReference; lastKnownFileType = folder.assetcatalog; path = Assets.xcassets; sourceTree = "<group>"; };
		2136DD55274B9E77007B9FC9 /* Base */ = {isa = PBXFileReference; lastKnownFileType = file.storyboard; name = Base; path = Base.lproj/LaunchScreen.storyboard; sourceTree = "<group>"; };
		2136DD57274B9E77007B9FC9 /* Info.plist */ = {isa = PBXFileReference; lastKnownFileType = text.plist.xml; path = Info.plist; sourceTree = "<group>"; };
		2136DD5F274B9EED007B9FC9 /* swift5 */ = {isa = PBXFileReference; lastKnownFileType = folder; name = swift5; path = ..; sourceTree = "<group>"; };
		C76439BB27A2F69F007FB307 /* XCTest.framework */ = {isa = PBXFileReference; lastKnownFileType = wrapper.framework; name = XCTest.framework; path = Platforms/iPhoneOS.platform/Developer/Library/Frameworks/XCTest.framework; sourceTree = DEVELOPER_DIR; };
		C7BC280327A17CD2007406AB /* UploaderViewController.swift */ = {isa = PBXFileReference; lastKnownFileType = sourcecode.swift; path = UploaderViewController.swift; sourceTree = "<group>"; };
		C7BC280627A17FEB007406AB /* VideoTableViewCell.swift */ = {isa = PBXFileReference; lastKnownFileType = sourcecode.swift; path = VideoTableViewCell.swift; sourceTree = "<group>"; };
		C7BC280927A18CC3007406AB /* ClientManager.swift */ = {isa = PBXFileReference; lastKnownFileType = sourcecode.swift; path = ClientManager.swift; sourceTree = "<group>"; };
/* End PBXFileReference section */

/* Begin PBXFrameworksBuildPhase section */
		2136DD43274B9E74007B9FC9 /* Frameworks */ = {
			isa = PBXFrameworksBuildPhase;
			buildActionMask = 2147483647;
			files = (
				C76439BC27A2F69F007FB307 /* XCTest.framework in Frameworks */,
				C7BC280227A16604007406AB /* ApiVideoClient in Frameworks */,
			);
			runOnlyForDeploymentPostprocessing = 0;
		};
/* End PBXFrameworksBuildPhase section */

/* Begin PBXGroup section */
		2136DD3D274B9E74007B9FC9 = {
			isa = PBXGroup;
			children = (
				2136DD5D274B9EC9007B9FC9 /* Packages */,
				2136DD48274B9E74007B9FC9 /* Example */,
				2136DD47274B9E74007B9FC9 /* Products */,
				213D8760274E5AC7000B674E /* Frameworks */,
			);
			sourceTree = "<group>";
		};
		2136DD47274B9E74007B9FC9 /* Products */ = {
			isa = PBXGroup;
			children = (
				2136DD46274B9E74007B9FC9 /* Example.app */,
			);
			name = Products;
			sourceTree = "<group>";
		};
		2136DD48274B9E74007B9FC9 /* Example */ = {
			isa = PBXGroup;
			children = (
				C7BC280827A18111007406AB /* Controller */,
				C7BC280527A17FD4007406AB /* Cell */,
				2136DD49274B9E74007B9FC9 /* AppDelegate.swift */,
				2136DD4B274B9E74007B9FC9 /* SceneDelegate.swift */,
				2136DD4F274B9E74007B9FC9 /* Main.storyboard */,
				2136DD52274B9E77007B9FC9 /* Assets.xcassets */,
				2136DD54274B9E77007B9FC9 /* LaunchScreen.storyboard */,
				2136DD57274B9E77007B9FC9 /* Info.plist */,
				C7BC280927A18CC3007406AB /* ClientManager.swift */,
			);
			path = Example;
			sourceTree = "<group>";
		};
		2136DD5D274B9EC9007B9FC9 /* Packages */ = {
			isa = PBXGroup;
			children = (
				2136DD5F274B9EED007B9FC9 /* swift5 */,
			);
			name = Packages;
			sourceTree = "<group>";
		};
		213D8760274E5AC7000B674E /* Frameworks */ = {
			isa = PBXGroup;
			children = (
				C76439BB27A2F69F007FB307 /* XCTest.framework */,
			);
			name = Frameworks;
			sourceTree = "<group>";
		};
		C7BC280527A17FD4007406AB /* Cell */ = {
			isa = PBXGroup;
			children = (
				C7BC280627A17FEB007406AB /* VideoTableViewCell.swift */,
			);
			path = Cell;
			sourceTree = "<group>";
		};
		C7BC280827A18111007406AB /* Controller */ = {
			isa = PBXGroup;
			children = (
				2136DD4D274B9E74007B9FC9 /* VideosViewController.swift */,
				C7BC280327A17CD2007406AB /* UploaderViewController.swift */,
			);
			path = Controller;
			sourceTree = "<group>";
		};
/* End PBXGroup section */

/* Begin PBXNativeTarget section */
		2136DD45274B9E74007B9FC9 /* Example */ = {
			isa = PBXNativeTarget;
			buildConfigurationList = 2136DD5A274B9E77007B9FC9 /* Build configuration list for PBXNativeTarget "Example" */;
			buildPhases = (
				2136DD42274B9E74007B9FC9 /* Sources */,
				2136DD43274B9E74007B9FC9 /* Frameworks */,
				2136DD44274B9E74007B9FC9 /* Resources */,
			);
			buildRules = (
			);
			dependencies = (
			);
			name = Example;
			packageProductDependencies = (
				C7BC280127A16604007406AB /* ApiVideoClient */,
			);
			productName = Example;
			productReference = 2136DD46274B9E74007B9FC9 /* Example.app */;
			productType = "com.apple.product-type.application";
		};
/* End PBXNativeTarget section */

/* Begin PBXProject section */
		2136DD3E274B9E74007B9FC9 /* Project object */ = {
			isa = PBXProject;
			attributes = {
				BuildIndependentTargetsInParallel = 1;
				LastSwiftUpdateCheck = 1310;
				LastUpgradeCheck = 1310;
				TargetAttributes = {
					2136DD45274B9E74007B9FC9 = {
						CreatedOnToolsVersion = 13.1;
					};
				};
			};
			buildConfigurationList = 2136DD41274B9E74007B9FC9 /* Build configuration list for PBXProject "Example" */;
			compatibilityVersion = "Xcode 13.0";
			developmentRegion = en;
			hasScannedForEncodings = 0;
			knownRegions = (
				en,
				Base,
			);
			mainGroup = 2136DD3D274B9E74007B9FC9;
			productRefGroup = 2136DD47274B9E74007B9FC9 /* Products */;
			projectDirPath = "";
			projectRoot = "";
			targets = (
				2136DD45274B9E74007B9FC9 /* Example */,
			);
		};
/* End PBXProject section */

/* Begin PBXResourcesBuildPhase section */
		2136DD44274B9E74007B9FC9 /* Resources */ = {
			isa = PBXResourcesBuildPhase;
			buildActionMask = 2147483647;
			files = (
				2136DD56274B9E77007B9FC9 /* LaunchScreen.storyboard in Resources */,
				2136DD53274B9E77007B9FC9 /* Assets.xcassets in Resources */,
				2136DD51274B9E74007B9FC9 /* Main.storyboard in Resources */,
			);
			runOnlyForDeploymentPostprocessing = 0;
		};
/* End PBXResourcesBuildPhase section */

/* Begin PBXSourcesBuildPhase section */
		2136DD42274B9E74007B9FC9 /* Sources */ = {
			isa = PBXSourcesBuildPhase;
			buildActionMask = 2147483647;
			files = (
				2136DD4E274B9E74007B9FC9 /* VideosViewController.swift in Sources */,
				2136DD4A274B9E74007B9FC9 /* AppDelegate.swift in Sources */,
				C7BC280A27A18CC3007406AB /* ClientManager.swift in Sources */,
				C7BC280427A17CD2007406AB /* UploaderViewController.swift in Sources */,
				2136DD4C274B9E74007B9FC9 /* SceneDelegate.swift in Sources */,
				C7BC280727A17FEB007406AB /* VideoTableViewCell.swift in Sources */,
			);
			runOnlyForDeploymentPostprocessing = 0;
		};
/* End PBXSourcesBuildPhase section */

/* Begin PBXVariantGroup section */
		2136DD4F274B9E74007B9FC9 /* Main.storyboard */ = {
			isa = PBXVariantGroup;
			children = (
				2136DD50274B9E74007B9FC9 /* Base */,
			);
			name = Main.storyboard;
			sourceTree = "<group>";
		};
		2136DD54274B9E77007B9FC9 /* LaunchScreen.storyboard */ = {
			isa = PBXVariantGroup;
			children = (
				2136DD55274B9E77007B9FC9 /* Base */,
			);
			name = LaunchScreen.storyboard;
			sourceTree = "<group>";
		};
/* End PBXVariantGroup section */

/* Begin XCBuildConfiguration section */
		2136DD58274B9E77007B9FC9 /* Debug */ = {
			isa = XCBuildConfiguration;
			buildSettings = {
				ALWAYS_SEARCH_USER_PATHS = NO;
				CLANG_ANALYZER_NONNULL = YES;
				CLANG_ANALYZER_NUMBER_OBJECT_CONVERSION = YES_AGGRESSIVE;
				CLANG_CXX_LANGUAGE_STANDARD = "gnu++17";
				CLANG_CXX_LIBRARY = "libc++";
				CLANG_ENABLE_MODULES = YES;
				CLANG_ENABLE_OBJC_ARC = YES;
				CLANG_ENABLE_OBJC_WEAK = YES;
				CLANG_WARN_BLOCK_CAPTURE_AUTORELEASING = YES;
				CLANG_WARN_BOOL_CONVERSION = YES;
				CLANG_WARN_COMMA = YES;
				CLANG_WARN_CONSTANT_CONVERSION = YES;
				CLANG_WARN_DEPRECATED_OBJC_IMPLEMENTATIONS = YES;
				CLANG_WARN_DIRECT_OBJC_ISA_USAGE = YES_ERROR;
				CLANG_WARN_DOCUMENTATION_COMMENTS = YES;
				CLANG_WARN_EMPTY_BODY = YES;
				CLANG_WARN_ENUM_CONVERSION = YES;
				CLANG_WARN_INFINITE_RECURSION = YES;
				CLANG_WARN_INT_CONVERSION = YES;
				CLANG_WARN_NON_LITERAL_NULL_CONVERSION = YES;
				CLANG_WARN_OBJC_IMPLICIT_RETAIN_SELF = YES;
				CLANG_WARN_OBJC_LITERAL_CONVERSION = YES;
				CLANG_WARN_OBJC_ROOT_CLASS = YES_ERROR;
				CLANG_WARN_QUOTED_INCLUDE_IN_FRAMEWORK_HEADER = YES;
				CLANG_WARN_RANGE_LOOP_ANALYSIS = YES;
				CLANG_WARN_STRICT_PROTOTYPES = YES;
				CLANG_WARN_SUSPICIOUS_MOVE = YES;
				CLANG_WARN_UNGUARDED_AVAILABILITY = YES_AGGRESSIVE;
				CLANG_WARN_UNREACHABLE_CODE = YES;
				CLANG_WARN__DUPLICATE_METHOD_MATCH = YES;
				COPY_PHASE_STRIP = NO;
				DEBUG_INFORMATION_FORMAT = dwarf;
				ENABLE_STRICT_OBJC_MSGSEND = YES;
				ENABLE_TESTABILITY = YES;
				GCC_C_LANGUAGE_STANDARD = gnu11;
				GCC_DYNAMIC_NO_PIC = NO;
				GCC_NO_COMMON_BLOCKS = YES;
				GCC_OPTIMIZATION_LEVEL = 0;
				GCC_PREPROCESSOR_DEFINITIONS = (
					"DEBUG=1",
					"$(inherited)",
				);
				GCC_WARN_64_TO_32_BIT_CONVERSION = YES;
				GCC_WARN_ABOUT_RETURN_TYPE = YES_ERROR;
				GCC_WARN_UNDECLARED_SELECTOR = YES;
				GCC_WARN_UNINITIALIZED_AUTOS = YES_AGGRESSIVE;
				GCC_WARN_UNUSED_FUNCTION = YES;
				GCC_WARN_UNUSED_VARIABLE = YES;
				IPHONEOS_DEPLOYMENT_TARGET = 15.0;
				MTL_ENABLE_DEBUG_INFO = INCLUDE_SOURCE;
				MTL_FAST_MATH = YES;
				ONLY_ACTIVE_ARCH = YES;
				SDKROOT = iphoneos;
				SWIFT_ACTIVE_COMPILATION_CONDITIONS = DEBUG;
				SWIFT_OPTIMIZATION_LEVEL = "-Onone";
			};
			name = Debug;
		};
		2136DD59274B9E77007B9FC9 /* Release */ = {
			isa = XCBuildConfiguration;
			buildSettings = {
				ALWAYS_SEARCH_USER_PATHS = NO;
				CLANG_ANALYZER_NONNULL = YES;
				CLANG_ANALYZER_NUMBER_OBJECT_CONVERSION = YES_AGGRESSIVE;
				CLANG_CXX_LANGUAGE_STANDARD = "gnu++17";
				CLANG_CXX_LIBRARY = "libc++";
				CLANG_ENABLE_MODULES = YES;
				CLANG_ENABLE_OBJC_ARC = YES;
				CLANG_ENABLE_OBJC_WEAK = YES;
				CLANG_WARN_BLOCK_CAPTURE_AUTORELEASING = YES;
				CLANG_WARN_BOOL_CONVERSION = YES;
				CLANG_WARN_COMMA = YES;
				CLANG_WARN_CONSTANT_CONVERSION = YES;
				CLANG_WARN_DEPRECATED_OBJC_IMPLEMENTATIONS = YES;
				CLANG_WARN_DIRECT_OBJC_ISA_USAGE = YES_ERROR;
				CLANG_WARN_DOCUMENTATION_COMMENTS = YES;
				CLANG_WARN_EMPTY_BODY = YES;
				CLANG_WARN_ENUM_CONVERSION = YES;
				CLANG_WARN_INFINITE_RECURSION = YES;
				CLANG_WARN_INT_CONVERSION = YES;
				CLANG_WARN_NON_LITERAL_NULL_CONVERSION = YES;
				CLANG_WARN_OBJC_IMPLICIT_RETAIN_SELF = YES;
				CLANG_WARN_OBJC_LITERAL_CONVERSION = YES;
				CLANG_WARN_OBJC_ROOT_CLASS = YES_ERROR;
				CLANG_WARN_QUOTED_INCLUDE_IN_FRAMEWORK_HEADER = YES;
				CLANG_WARN_RANGE_LOOP_ANALYSIS = YES;
				CLANG_WARN_STRICT_PROTOTYPES = YES;
				CLANG_WARN_SUSPICIOUS_MOVE = YES;
				CLANG_WARN_UNGUARDED_AVAILABILITY = YES_AGGRESSIVE;
				CLANG_WARN_UNREACHABLE_CODE = YES;
				CLANG_WARN__DUPLICATE_METHOD_MATCH = YES;
				COPY_PHASE_STRIP = NO;
				DEBUG_INFORMATION_FORMAT = "dwarf-with-dsym";
				ENABLE_NS_ASSERTIONS = NO;
				ENABLE_STRICT_OBJC_MSGSEND = YES;
				GCC_C_LANGUAGE_STANDARD = gnu11;
				GCC_NO_COMMON_BLOCKS = YES;
				GCC_WARN_64_TO_32_BIT_CONVERSION = YES;
				GCC_WARN_ABOUT_RETURN_TYPE = YES_ERROR;
				GCC_WARN_UNDECLARED_SELECTOR = YES;
				GCC_WARN_UNINITIALIZED_AUTOS = YES_AGGRESSIVE;
				GCC_WARN_UNUSED_FUNCTION = YES;
				GCC_WARN_UNUSED_VARIABLE = YES;
				IPHONEOS_DEPLOYMENT_TARGET = 15.0;
				MTL_ENABLE_DEBUG_INFO = NO;
				MTL_FAST_MATH = YES;
				SDKROOT = iphoneos;
				SWIFT_COMPILATION_MODE = wholemodule;
				SWIFT_OPTIMIZATION_LEVEL = "-O";
				VALIDATE_PRODUCT = YES;
			};
			name = Release;
		};
		2136DD5B274B9E77007B9FC9 /* Debug */ = {
			isa = XCBuildConfiguration;
			buildSettings = {
				ASSETCATALOG_COMPILER_APPICON_NAME = AppIcon;
				ASSETCATALOG_COMPILER_GLOBAL_ACCENT_COLOR_NAME = AccentColor;
				CODE_SIGN_STYLE = Automatic;
				CURRENT_PROJECT_VERSION = 1;
				DEVELOPMENT_TEAM = VY3VXRC7P4;
				GENERATE_INFOPLIST_FILE = YES;
				INFOPLIST_FILE = Example/Info.plist;
				INFOPLIST_KEY_UIApplicationSupportsIndirectInputEvents = YES;
				INFOPLIST_KEY_UILaunchStoryboardName = LaunchScreen;
				INFOPLIST_KEY_UIMainStoryboardFile = Main;
				INFOPLIST_KEY_UISupportedInterfaceOrientations_iPad = "UIInterfaceOrientationPortrait UIInterfaceOrientationPortraitUpsideDown UIInterfaceOrientationLandscapeLeft UIInterfaceOrientationLandscapeRight";
				INFOPLIST_KEY_UISupportedInterfaceOrientations_iPhone = "UIInterfaceOrientationPortrait UIInterfaceOrientationLandscapeLeft UIInterfaceOrientationLandscapeRight";
				LD_RUNPATH_SEARCH_PATHS = (
					"$(inherited)",
					"@executable_path/Frameworks",
				);
				MARKETING_VERSION = 1.0;
				PRODUCT_BUNDLE_IDENTIFIER = video.api.client.Example;
				PRODUCT_NAME = "$(TARGET_NAME)";
				SWIFT_EMIT_LOC_STRINGS = YES;
				SWIFT_VERSION = 5.0;
				TARGETED_DEVICE_FAMILY = "1,2";
			};
			name = Debug;
		};
		2136DD5C274B9E77007B9FC9 /* Release */ = {
			isa = XCBuildConfiguration;
			buildSettings = {
				ASSETCATALOG_COMPILER_APPICON_NAME = AppIcon;
				ASSETCATALOG_COMPILER_GLOBAL_ACCENT_COLOR_NAME = AccentColor;
				CODE_SIGN_STYLE = Automatic;
				CURRENT_PROJECT_VERSION = 1;
				DEVELOPMENT_TEAM = VY3VXRC7P4;
				GENERATE_INFOPLIST_FILE = YES;
				INFOPLIST_FILE = Example/Info.plist;
				INFOPLIST_KEY_UIApplicationSupportsIndirectInputEvents = YES;
				INFOPLIST_KEY_UILaunchStoryboardName = LaunchScreen;
				INFOPLIST_KEY_UIMainStoryboardFile = Main;
				INFOPLIST_KEY_UISupportedInterfaceOrientations_iPad = "UIInterfaceOrientationPortrait UIInterfaceOrientationPortraitUpsideDown UIInterfaceOrientationLandscapeLeft UIInterfaceOrientationLandscapeRight";
				INFOPLIST_KEY_UISupportedInterfaceOrientations_iPhone = "UIInterfaceOrientationPortrait UIInterfaceOrientationLandscapeLeft UIInterfaceOrientationLandscapeRight";
				LD_RUNPATH_SEARCH_PATHS = (
					"$(inherited)",
					"@executable_path/Frameworks",
				);
				MARKETING_VERSION = 1.0;
				PRODUCT_BUNDLE_IDENTIFIER = video.api.client.Example;
				PRODUCT_NAME = "$(TARGET_NAME)";
				SWIFT_EMIT_LOC_STRINGS = YES;
				SWIFT_VERSION = 5.0;
				TARGETED_DEVICE_FAMILY = "1,2";
			};
			name = Release;
		};
/* End XCBuildConfiguration section */

/* Begin XCConfigurationList section */
		2136DD41274B9E74007B9FC9 /* Build configuration list for PBXProject "Example" */ = {
			isa = XCConfigurationList;
			buildConfigurations = (
				2136DD58274B9E77007B9FC9 /* Debug */,
				2136DD59274B9E77007B9FC9 /* Release */,
			);
			defaultConfigurationIsVisible = 0;
			defaultConfigurationName = Release;
		};
		2136DD5A274B9E77007B9FC9 /* Build configuration list for PBXNativeTarget "Example" */ = {
			isa = XCConfigurationList;
			buildConfigurations = (
				2136DD5B274B9E77007B9FC9 /* Debug */,
				2136DD5C274B9E77007B9FC9 /* Release */,
			);
			defaultConfigurationIsVisible = 0;
			defaultConfigurationName = Release;
		};
/* End XCConfigurationList section */

/* Begin XCSwiftPackageProductDependency section */
		C7BC280127A16604007406AB /* ApiVideoClient */ = {
			isa = XCSwiftPackageProductDependency;
			productName = ApiVideoClient;
		};
/* End XCSwiftPackageProductDependency section */
	};
	rootObject = 2136DD3E274B9E74007B9FC9 /* Project object */;
}
